
Microsoft Visual Studio Solution File, Format Version 12.00
# Visual Studio Version 16
VisualStudioVersion = 16.0.30011.22
MinimumVisualStudioVersion = 10.0.40219.1
Project("{9A19103F-16F7-4668-BE54-9A1E7A4F7556}") = "Application", "Application\Application.csproj", "{0F67CAE3-3E30-450A-A5E7-F3CD131813C7}"
EndProject
Project("{9A19103F-16F7-4668-BE54-9A1E7A4F7556}") = "Domain", "Domain\Domain.csproj", "{4C0992D7-7F8D-471D-8981-B4B9EF5C9399}"
EndProject
Project("{9A19103F-16F7-4668-BE54-9A1E7A4F7556}") = "Infrastructure", "Infrastructure\Infrastructure.csproj", "{624C11B6-CC3A-4919-AF94-ABCEBD924096}"
EndProject
Project("{9A19103F-16F7-4668-BE54-9A1E7A4F7556}") = "Web", "Web\Web.csproj", "{E363DC3A-F3D0-4CB1-8D30-DF92723EF239}"
EndProject
Project("{9A19103F-16F7-4668-BE54-9A1E7A4F7556}") = "Tests", "Tests\Tests.csproj", "{44C5723E-7A1F-4F97-88A0-E412C5D9F4A0}"
EndProject
Global
	GlobalSection(SolutionConfigurationPlatforms) = preSolution
		Debug|Any CPU = Debug|Any CPU
		Release|Any CPU = Release|Any CPU
	EndGlobalSection
	GlobalSection(ProjectConfigurationPlatforms) = postSolution
		{0F67CAE3-3E30-450A-A5E7-F3CD131813C7}.Debug|Any CPU.ActiveCfg = Debug|Any CPU
		{0F67CAE3-3E30-450A-A5E7-F3CD131813C7}.Debug|Any CPU.Build.0 = Debug|Any CPU
		{0F67CAE3-3E30-450A-A5E7-F3CD131813C7}.Release|Any CPU.ActiveCfg = Release|Any CPU
		{0F67CAE3-3E30-450A-A5E7-F3CD131813C7}.Release|Any CPU.Build.0 = Release|Any CPU
		{4C0992D7-7F8D-471D-8981-B4B9EF5C9399}.Debug|Any CPU.ActiveCfg = Debug|Any CPU
		{4C0992D7-7F8D-471D-8981-B4B9EF5C9399}.Debug|Any CPU.Build.0 = Debug|Any CPU
		{4C0992D7-7F8D-471D-8981-B4B9EF5C9399}.Release|Any CPU.ActiveCfg = Release|Any CPU
		{4C0992D7-7F8D-471D-8981-B4B9EF5C9399}.Release|Any CPU.Build.0 = Release|Any CPU
		{624C11B6-CC3A-4919-AF94-ABCEBD924096}.Debug|Any CPU.ActiveCfg = Debug|Any CPU
		{624C11B6-CC3A-4919-AF94-ABCEBD924096}.Debug|Any CPU.Build.0 = Debug|Any CPU
		{624C11B6-CC3A-4919-AF94-ABCEBD924096}.Release|Any CPU.ActiveCfg = Release|Any CPU
		{624C11B6-CC3A-4919-AF94-ABCEBD924096}.Release|Any CPU.Build.0 = Release|Any CPU
		{E363DC3A-F3D0-4CB1-8D30-DF92723EF239}.Debug|Any CPU.ActiveCfg = Debug|Any CPU
		{E363DC3A-F3D0-4CB1-8D30-DF92723EF239}.Debug|Any CPU.Build.0 = Debug|Any CPU
		{E363DC3A-F3D0-4CB1-8D30-DF92723EF239}.Release|Any CPU.ActiveCfg = Release|Any CPU
		{E363DC3A-F3D0-4CB1-8D30-DF92723EF239}.Release|Any CPU.Build.0 = Release|Any CPU
		{44C5723E-7A1F-4F97-88A0-E412C5D9F4A0}.Debug|Any CPU.ActiveCfg = Debug|Any CPU
		{44C5723E-7A1F-4F97-88A0-E412C5D9F4A0}.Debug|Any CPU.Build.0 = Debug|Any CPU
		{44C5723E-7A1F-4F97-88A0-E412C5D9F4A0}.Release|Any CPU.ActiveCfg = Release|Any CPU
		{44C5723E-7A1F-4F97-88A0-E412C5D9F4A0}.Release|Any CPU.Build.0 = Release|Any CPU
	EndGlobalSection
	GlobalSection(SolutionProperties) = preSolution
		HideSolutionNode = FALSE
	EndGlobalSection
	GlobalSection(ExtensibilityGlobals) = postSolution
		SolutionGuid = {BEEFE4E3-E321-40E2-A818-08BFD0BE7EFA}
	EndGlobalSection
EndGlobal
